// !$*UTF8*$!
{
	archiveVersion = 1;
	classes = {
	};
	objectVersion = 46;
	objects = {

/* Begin PBXBuildFile section */
		310B83251D8E7B0100A0F408 /* main.m in Sources */ = {isa = PBXBuildFile; fileRef = 310B83241D8E7B0100A0F408 /* main.m */; };
		310B83281D8E7B0100A0F408 /* AppDelegate.m in Sources */ = {isa = PBXBuildFile; fileRef = 310B83271D8E7B0100A0F408 /* AppDelegate.m */; };
		310B832E1D8E7B0100A0F408 /* Main.storyboard in Resources */ = {isa = PBXBuildFile; fileRef = 310B832C1D8E7B0100A0F408 /* Main.storyboard */; };
		310B83301D8E7B0100A0F408 /* Assets.xcassets in Resources */ = {isa = PBXBuildFile; fileRef = 310B832F1D8E7B0100A0F408 /* Assets.xcassets */; };
		310B83331D8E7B0100A0F408 /* LaunchScreen.storyboard in Resources */ = {isa = PBXBuildFile; fileRef = 310B83311D8E7B0100A0F408 /* LaunchScreen.storyboard */; };
		310B833E1D8E7B0100A0F408 /* ZhiMaBaoBaoTests.m in Sources */ = {isa = PBXBuildFile; fileRef = 310B833D1D8E7B0100A0F408 /* ZhiMaBaoBaoTests.m */; };
		310B83491D8E7B0100A0F408 /* ZhiMaBaoBaoUITests.m in Sources */ = {isa = PBXBuildFile; fileRef = 310B83481D8E7B0100A0F408 /* ZhiMaBaoBaoUITests.m */; };
		31B7C6FE1D8E91F000F1883A /* MainViewController.m in Sources */ = {isa = PBXBuildFile; fileRef = 31B7C6FD1D8E91F000F1883A /* MainViewController.m */; };
		31B7C71D1D8E96A100F1883A /* PersonalCenterController.m in Sources */ = {isa = PBXBuildFile; fileRef = 31B7C7021D8E96A100F1883A /* PersonalCenterController.m */; };
		31B7C71E1D8E96A100F1883A /* CallViewController.m in Sources */ = {isa = PBXBuildFile; fileRef = 31B7C7081D8E96A100F1883A /* CallViewController.m */; };
		31B7C71F1D8E96A100F1883A /* ConversationController.m in Sources */ = {isa = PBXBuildFile; fileRef = 31B7C70E1D8E96A100F1883A /* ConversationController.m */; };
		31B7C7201D8E96A100F1883A /* TimeLineController.m in Sources */ = {isa = PBXBuildFile; fileRef = 31B7C7141D8E96A100F1883A /* TimeLineController.m */; };
		31B7C7211D8E96A100F1883A /* FriendsController.m in Sources */ = {isa = PBXBuildFile; fileRef = 31B7C71A1D8E96A100F1883A /* FriendsController.m */; };
		9D4903A7551EC331016D9D3A /* Pods_ZhiMaBaoBao.framework in Frameworks */ = {isa = PBXBuildFile; fileRef = 7AF1AD7B94550139D0811527 /* Pods_ZhiMaBaoBao.framework */; };
/* End PBXBuildFile section */

/* Begin PBXContainerItemProxy section */
		310B833A1D8E7B0100A0F408 /* PBXContainerItemProxy */ = {
			isa = PBXContainerItemProxy;
			containerPortal = 310B83181D8E7B0100A0F408 /* Project object */;
			proxyType = 1;
			remoteGlobalIDString = 310B831F1D8E7B0100A0F408;
			remoteInfo = ZhiMaBaoBao;
		};
		310B83451D8E7B0100A0F408 /* PBXContainerItemProxy */ = {
			isa = PBXContainerItemProxy;
			containerPortal = 310B83181D8E7B0100A0F408 /* Project object */;
			proxyType = 1;
			remoteGlobalIDString = 310B831F1D8E7B0100A0F408;
			remoteInfo = ZhiMaBaoBao;
		};
/* End PBXContainerItemProxy section */

/* Begin PBXFileReference section */
		310B83201D8E7B0100A0F408 /* ZhiMaBaoBao.app */ = {isa = PBXFileReference; explicitFileType = wrapper.application; includeInIndex = 0; path = ZhiMaBaoBao.app; sourceTree = BUILT_PRODUCTS_DIR; };
		310B83241D8E7B0100A0F408 /* main.m */ = {isa = PBXFileReference; lastKnownFileType = sourcecode.c.objc; path = main.m; sourceTree = "<group>"; };
		310B83261D8E7B0100A0F408 /* AppDelegate.h */ = {isa = PBXFileReference; lastKnownFileType = sourcecode.c.h; path = AppDelegate.h; sourceTree = "<group>"; };
		310B83271D8E7B0100A0F408 /* AppDelegate.m */ = {isa = PBXFileReference; lastKnownFileType = sourcecode.c.objc; path = AppDelegate.m; sourceTree = "<group>"; };
		310B832D1D8E7B0100A0F408 /* Base */ = {isa = PBXFileReference; lastKnownFileType = file.storyboard; name = Base; path = Base.lproj/Main.storyboard; sourceTree = "<group>"; };
		310B832F1D8E7B0100A0F408 /* Assets.xcassets */ = {isa = PBXFileReference; lastKnownFileType = folder.assetcatalog; path = Assets.xcassets; sourceTree = "<group>"; };
		310B83321D8E7B0100A0F408 /* Base */ = {isa = PBXFileReference; lastKnownFileType = file.storyboard; name = Base; path = Base.lproj/LaunchScreen.storyboard; sourceTree = "<group>"; };
		310B83341D8E7B0100A0F408 /* Info.plist */ = {isa = PBXFileReference; lastKnownFileType = text.plist.xml; path = Info.plist; sourceTree = "<group>"; };
		310B83391D8E7B0100A0F408 /* ZhiMaBaoBaoTests.xctest */ = {isa = PBXFileReference; explicitFileType = wrapper.cfbundle; includeInIndex = 0; path = ZhiMaBaoBaoTests.xctest; sourceTree = BUILT_PRODUCTS_DIR; };
		310B833D1D8E7B0100A0F408 /* ZhiMaBaoBaoTests.m */ = {isa = PBXFileReference; lastKnownFileType = sourcecode.c.objc; path = ZhiMaBaoBaoTests.m; sourceTree = "<group>"; };
		310B833F1D8E7B0100A0F408 /* Info.plist */ = {isa = PBXFileReference; lastKnownFileType = text.plist.xml; path = Info.plist; sourceTree = "<group>"; };
		310B83441D8E7B0100A0F408 /* ZhiMaBaoBaoUITests.xctest */ = {isa = PBXFileReference; explicitFileType = wrapper.cfbundle; includeInIndex = 0; path = ZhiMaBaoBaoUITests.xctest; sourceTree = BUILT_PRODUCTS_DIR; };
		310B83481D8E7B0100A0F408 /* ZhiMaBaoBaoUITests.m */ = {isa = PBXFileReference; lastKnownFileType = sourcecode.c.objc; path = ZhiMaBaoBaoUITests.m; sourceTree = "<group>"; };
		310B834A1D8E7B0100A0F408 /* Info.plist */ = {isa = PBXFileReference; lastKnownFileType = text.plist.xml; path = Info.plist; sourceTree = "<group>"; };
		31B7C6FC1D8E91F000F1883A /* MainViewController.h */ = {isa = PBXFileReference; fileEncoding = 4; lastKnownFileType = sourcecode.c.h; path = MainViewController.h; sourceTree = "<group>"; };
		31B7C6FD1D8E91F000F1883A /* MainViewController.m */ = {isa = PBXFileReference; fileEncoding = 4; lastKnownFileType = sourcecode.c.objc; path = MainViewController.m; sourceTree = "<group>"; };
		31B7C7011D8E96A100F1883A /* PersonalCenterController.h */ = {isa = PBXFileReference; fileEncoding = 4; lastKnownFileType = sourcecode.c.h; path = PersonalCenterController.h; sourceTree = "<group>"; };
		31B7C7021D8E96A100F1883A /* PersonalCenterController.m */ = {isa = PBXFileReference; fileEncoding = 4; lastKnownFileType = sourcecode.c.objc; path = PersonalCenterController.m; sourceTree = "<group>"; };
		31B7C7071D8E96A100F1883A /* CallViewController.h */ = {isa = PBXFileReference; fileEncoding = 4; lastKnownFileType = sourcecode.c.h; path = CallViewController.h; sourceTree = "<group>"; };
		31B7C7081D8E96A100F1883A /* CallViewController.m */ = {isa = PBXFileReference; fileEncoding = 4; lastKnownFileType = sourcecode.c.objc; path = CallViewController.m; sourceTree = "<group>"; };
		31B7C70D1D8E96A100F1883A /* ConversationController.h */ = {isa = PBXFileReference; fileEncoding = 4; lastKnownFileType = sourcecode.c.h; path = ConversationController.h; sourceTree = "<group>"; };
		31B7C70E1D8E96A100F1883A /* ConversationController.m */ = {isa = PBXFileReference; fileEncoding = 4; lastKnownFileType = sourcecode.c.objc; path = ConversationController.m; sourceTree = "<group>"; };
		31B7C7131D8E96A100F1883A /* TimeLineController.h */ = {isa = PBXFileReference; fileEncoding = 4; lastKnownFileType = sourcecode.c.h; path = TimeLineController.h; sourceTree = "<group>"; };
		31B7C7141D8E96A100F1883A /* TimeLineController.m */ = {isa = PBXFileReference; fileEncoding = 4; lastKnownFileType = sourcecode.c.objc; path = TimeLineController.m; sourceTree = "<group>"; };
		31B7C7191D8E96A100F1883A /* FriendsController.h */ = {isa = PBXFileReference; fileEncoding = 4; lastKnownFileType = sourcecode.c.h; path = FriendsController.h; sourceTree = "<group>"; };
		31B7C71A1D8E96A100F1883A /* FriendsController.m */ = {isa = PBXFileReference; fileEncoding = 4; lastKnownFileType = sourcecode.c.objc; path = FriendsController.m; sourceTree = "<group>"; };
		7AF1AD7B94550139D0811527 /* Pods_ZhiMaBaoBao.framework */ = {isa = PBXFileReference; explicitFileType = wrapper.framework; includeInIndex = 0; path = Pods_ZhiMaBaoBao.framework; sourceTree = BUILT_PRODUCTS_DIR; };
		ED5B4B06468C0E404D88A32A /* Pods-ZhiMaBaoBao.debug.xcconfig */ = {isa = PBXFileReference; includeInIndex = 1; lastKnownFileType = text.xcconfig; name = "Pods-ZhiMaBaoBao.debug.xcconfig"; path = "Pods/Target Support Files/Pods-ZhiMaBaoBao/Pods-ZhiMaBaoBao.debug.xcconfig"; sourceTree = "<group>"; };
		F6223DBCE43169F5A4CF9B6D /* Pods-ZhiMaBaoBao.release.xcconfig */ = {isa = PBXFileReference; includeInIndex = 1; lastKnownFileType = text.xcconfig; name = "Pods-ZhiMaBaoBao.release.xcconfig"; path = "Pods/Target Support Files/Pods-ZhiMaBaoBao/Pods-ZhiMaBaoBao.release.xcconfig"; sourceTree = "<group>"; };
/* End PBXFileReference section */

/* Begin PBXFrameworksBuildPhase section */
		310B831D1D8E7B0100A0F408 /* Frameworks */ = {
			isa = PBXFrameworksBuildPhase;
			buildActionMask = 2147483647;
			files = (
				9D4903A7551EC331016D9D3A /* Pods_ZhiMaBaoBao.framework in Frameworks */,
			);
			runOnlyForDeploymentPostprocessing = 0;
		};
		310B83361D8E7B0100A0F408 /* Frameworks */ = {
			isa = PBXFrameworksBuildPhase;
			buildActionMask = 2147483647;
			files = (
			);
			runOnlyForDeploymentPostprocessing = 0;
		};
		310B83411D8E7B0100A0F408 /* Frameworks */ = {
			isa = PBXFrameworksBuildPhase;
			buildActionMask = 2147483647;
			files = (
			);
			runOnlyForDeploymentPostprocessing = 0;
		};
/* End PBXFrameworksBuildPhase section */

/* Begin PBXGroup section */
		310B83171D8E7B0100A0F408 = {
			isa = PBXGroup;
			children = (
				310B83221D8E7B0100A0F408 /* ZhiMaBaoBao */,
				310B833C1D8E7B0100A0F408 /* ZhiMaBaoBaoTests */,
				310B83471D8E7B0100A0F408 /* ZhiMaBaoBaoUITests */,
				310B83211D8E7B0100A0F408 /* Products */,
				6666479B9953F1FE730C9125 /* Pods */,
				F8838AFF61B5D250B9C12805 /* Frameworks */,
			);
			sourceTree = "<group>";
		};
		310B83211D8E7B0100A0F408 /* Products */ = {
			isa = PBXGroup;
			children = (
				310B83201D8E7B0100A0F408 /* ZhiMaBaoBao.app */,
				310B83391D8E7B0100A0F408 /* ZhiMaBaoBaoTests.xctest */,
				310B83441D8E7B0100A0F408 /* ZhiMaBaoBaoUITests.xctest */,
			);
			name = Products;
			sourceTree = "<group>";
		};
		310B83221D8E7B0100A0F408 /* ZhiMaBaoBao */ = {
			isa = PBXGroup;
			children = (
				31B7C6CB1D8E89D700F1883A /* Class */,
				31B7C6CC1D8E89DE00F1883A /* Main */,
				310B83261D8E7B0100A0F408 /* AppDelegate.h */,
				310B83271D8E7B0100A0F408 /* AppDelegate.m */,
				31B7C6FC1D8E91F000F1883A /* MainViewController.h */,
				31B7C6FD1D8E91F000F1883A /* MainViewController.m */,
				310B832C1D8E7B0100A0F408 /* Main.storyboard */,
				310B832F1D8E7B0100A0F408 /* Assets.xcassets */,
				310B83311D8E7B0100A0F408 /* LaunchScreen.storyboard */,
				310B83341D8E7B0100A0F408 /* Info.plist */,
				310B83231D8E7B0100A0F408 /* Supporting Files */,
			);
			path = ZhiMaBaoBao;
			sourceTree = "<group>";
		};
		310B83231D8E7B0100A0F408 /* Supporting Files */ = {
			isa = PBXGroup;
			children = (
				310B83241D8E7B0100A0F408 /* main.m */,
			);
			name = "Supporting Files";
			sourceTree = "<group>";
		};
		310B833C1D8E7B0100A0F408 /* ZhiMaBaoBaoTests */ = {
			isa = PBXGroup;
			children = (
				310B833D1D8E7B0100A0F408 /* ZhiMaBaoBaoTests.m */,
				310B833F1D8E7B0100A0F408 /* Info.plist */,
			);
			path = ZhiMaBaoBaoTests;
			sourceTree = "<group>";
		};
		310B83471D8E7B0100A0F408 /* ZhiMaBaoBaoUITests */ = {
			isa = PBXGroup;
			children = (
				310B83481D8E7B0100A0F408 /* ZhiMaBaoBaoUITests.m */,
				310B834A1D8E7B0100A0F408 /* Info.plist */,
			);
			path = ZhiMaBaoBaoUITests;
			sourceTree = "<group>";
		};
		31B7C6CB1D8E89D700F1883A /* Class */ = {
			isa = PBXGroup;
			children = (
				31B7C6FF1D8E96A100F1883A /* Zhima */,
				31B7C7051D8E96A100F1883A /* ZhimaCall */,
				31B7C70B1D8E96A100F1883A /* ZhimaChat */,
				31B7C7111D8E96A100F1883A /* ZhimaCircle */,
				31B7C7171D8E96A100F1883A /* ZhimaFriend */,
			);
			path = Class;
			sourceTree = "<group>";
		};
		31B7C6CC1D8E89DE00F1883A /* Main */ = {
			isa = PBXGroup;
			children = (
				31B7C7221D8E96BD00F1883A /* BaseController */,
				31B7C7231D8E96BD00F1883A /* Tools */,
			);
			path = Main;
			sourceTree = "<group>";
		};
		31B7C6FF1D8E96A100F1883A /* Zhima */ = {
			isa = PBXGroup;
			children = (
				31B7C7001D8E96A100F1883A /* Controller */,
				31B7C7031D8E96A100F1883A /* Model */,
				31B7C7041D8E96A100F1883A /* View */,
			);
			path = Zhima;
			sourceTree = "<group>";
		};
		31B7C7001D8E96A100F1883A /* Controller */ = {
			isa = PBXGroup;
			children = (
				31B7C7011D8E96A100F1883A /* PersonalCenterController.h */,
				31B7C7021D8E96A100F1883A /* PersonalCenterController.m */,
			);
			path = Controller;
			sourceTree = "<group>";
		};
		31B7C7031D8E96A100F1883A /* Model */ = {
			isa = PBXGroup;
			children = (
			);
			path = Model;
			sourceTree = "<group>";
		};
		31B7C7041D8E96A100F1883A /* View */ = {
			isa = PBXGroup;
			children = (
			);
			path = View;
			sourceTree = "<group>";
		};
		31B7C7051D8E96A100F1883A /* ZhimaCall */ = {
			isa = PBXGroup;
			children = (
				31B7C7061D8E96A100F1883A /* Controller */,
				31B7C7091D8E96A100F1883A /* Model */,
				31B7C70A1D8E96A100F1883A /* View */,
			);
			path = ZhimaCall;
			sourceTree = "<group>";
		};
		31B7C7061D8E96A100F1883A /* Controller */ = {
			isa = PBXGroup;
			children = (
				31B7C7071D8E96A100F1883A /* CallViewController.h */,
				31B7C7081D8E96A100F1883A /* CallViewController.m */,
			);
			path = Controller;
			sourceTree = "<group>";
		};
		31B7C7091D8E96A100F1883A /* Model */ = {
			isa = PBXGroup;
			children = (
			);
			path = Model;
			sourceTree = "<group>";
		};
		31B7C70A1D8E96A100F1883A /* View */ = {
			isa = PBXGroup;
			children = (
			);
			path = View;
			sourceTree = "<group>";
		};
		31B7C70B1D8E96A100F1883A /* ZhimaChat */ = {
			isa = PBXGroup;
			children = (
				31B7C70C1D8E96A100F1883A /* Controller */,
				31B7C70F1D8E96A100F1883A /* Model */,
				31B7C7101D8E96A100F1883A /* View */,
			);
			path = ZhimaChat;
			sourceTree = "<group>";
		};
		31B7C70C1D8E96A100F1883A /* Controller */ = {
			isa = PBXGroup;
			children = (
				31B7C70D1D8E96A100F1883A /* ConversationController.h */,
				31B7C70E1D8E96A100F1883A /* ConversationController.m */,
			);
			path = Controller;
			sourceTree = "<group>";
		};
		31B7C70F1D8E96A100F1883A /* Model */ = {
			isa = PBXGroup;
			children = (
			);
			path = Model;
			sourceTree = "<group>";
		};
		31B7C7101D8E96A100F1883A /* View */ = {
			isa = PBXGroup;
			children = (
			);
			path = View;
			sourceTree = "<group>";
		};
		31B7C7111D8E96A100F1883A /* ZhimaCircle */ = {
			isa = PBXGroup;
			children = (
				31B7C7121D8E96A100F1883A /* Controller */,
				31B7C7151D8E96A100F1883A /* Model */,
				31B7C7161D8E96A100F1883A /* View */,
			);
			path = ZhimaCircle;
			sourceTree = "<group>";
		};
		31B7C7121D8E96A100F1883A /* Controller */ = {
			isa = PBXGroup;
			children = (
				31B7C7131D8E96A100F1883A /* TimeLineController.h */,
				31B7C7141D8E96A100F1883A /* TimeLineController.m */,
			);
			path = Controller;
			sourceTree = "<group>";
		};
		31B7C7151D8E96A100F1883A /* Model */ = {
			isa = PBXGroup;
			children = (
			);
			path = Model;
			sourceTree = "<group>";
		};
		31B7C7161D8E96A100F1883A /* View */ = {
			isa = PBXGroup;
			children = (
			);
			path = View;
			sourceTree = "<group>";
		};
		31B7C7171D8E96A100F1883A /* ZhimaFriend */ = {
			isa = PBXGroup;
			children = (
				31B7C7181D8E96A100F1883A /* Controller */,
				31B7C71B1D8E96A100F1883A /* Model */,
				31B7C71C1D8E96A100F1883A /* View */,
			);
			path = ZhimaFriend;
			sourceTree = "<group>";
		};
		31B7C7181D8E96A100F1883A /* Controller */ = {
			isa = PBXGroup;
			children = (
				31B7C7191D8E96A100F1883A /* FriendsController.h */,
				31B7C71A1D8E96A100F1883A /* FriendsController.m */,
			);
			path = Controller;
			sourceTree = "<group>";
		};
		31B7C71B1D8E96A100F1883A /* Model */ = {
			isa = PBXGroup;
			children = (
			);
			path = Model;
			sourceTree = "<group>";
		};
		31B7C71C1D8E96A100F1883A /* View */ = {
			isa = PBXGroup;
			children = (
			);
			path = View;
			sourceTree = "<group>";
		};
		31B7C7221D8E96BD00F1883A /* BaseController */ = {
			isa = PBXGroup;
			children = (
			);
			path = BaseController;
			sourceTree = "<group>";
		};
		31B7C7231D8E96BD00F1883A /* Tools */ = {
			isa = PBXGroup;
			children = (
			);
			path = Tools;
			sourceTree = "<group>";
		};
		6666479B9953F1FE730C9125 /* Pods */ = {
			isa = PBXGroup;
			children = (
				ED5B4B06468C0E404D88A32A /* Pods-ZhiMaBaoBao.debug.xcconfig */,
				F6223DBCE43169F5A4CF9B6D /* Pods-ZhiMaBaoBao.release.xcconfig */,
			);
			name = Pods;
			sourceTree = "<group>";
		};
		F8838AFF61B5D250B9C12805 /* Frameworks */ = {
			isa = PBXGroup;
			children = (
				7AF1AD7B94550139D0811527 /* Pods_ZhiMaBaoBao.framework */,
			);
			name = Frameworks;
			sourceTree = "<group>";
		};
/* End PBXGroup section */

/* Begin PBXNativeTarget section */
		310B831F1D8E7B0100A0F408 /* ZhiMaBaoBao */ = {
			isa = PBXNativeTarget;
			buildConfigurationList = 310B834D1D8E7B0100A0F408 /* Build configuration list for PBXNativeTarget "ZhiMaBaoBao" */;
			buildPhases = (
				2FD64768EED24AB33E9584D6 /* [CP] Check Pods Manifest.lock */,
				310B831C1D8E7B0100A0F408 /* Sources */,
				310B831D1D8E7B0100A0F408 /* Frameworks */,
				310B831E1D8E7B0100A0F408 /* Resources */,
				819B31C6B685388A18C609E2 /* [CP] Embed Pods Frameworks */,
				ABD69C88508640957C42CB4F /* [CP] Copy Pods Resources */,
			);
			buildRules = (
			);
			dependencies = (
			);
			name = ZhiMaBaoBao;
			productName = ZhiMaBaoBao;
			productReference = 310B83201D8E7B0100A0F408 /* ZhiMaBaoBao.app */;
			productType = "com.apple.product-type.application";
		};
		310B83381D8E7B0100A0F408 /* ZhiMaBaoBaoTests */ = {
			isa = PBXNativeTarget;
			buildConfigurationList = 310B83501D8E7B0100A0F408 /* Build configuration list for PBXNativeTarget "ZhiMaBaoBaoTests" */;
			buildPhases = (
				310B83351D8E7B0100A0F408 /* Sources */,
				310B83361D8E7B0100A0F408 /* Frameworks */,
				310B83371D8E7B0100A0F408 /* Resources */,
			);
			buildRules = (
			);
			dependencies = (
				310B833B1D8E7B0100A0F408 /* PBXTargetDependency */,
			);
			name = ZhiMaBaoBaoTests;
			productName = ZhiMaBaoBaoTests;
			productReference = 310B83391D8E7B0100A0F408 /* ZhiMaBaoBaoTests.xctest */;
			productType = "com.apple.product-type.bundle.unit-test";
		};
		310B83431D8E7B0100A0F408 /* ZhiMaBaoBaoUITests */ = {
			isa = PBXNativeTarget;
			buildConfigurationList = 310B83531D8E7B0100A0F408 /* Build configuration list for PBXNativeTarget "ZhiMaBaoBaoUITests" */;
			buildPhases = (
				310B83401D8E7B0100A0F408 /* Sources */,
				310B83411D8E7B0100A0F408 /* Frameworks */,
				310B83421D8E7B0100A0F408 /* Resources */,
			);
			buildRules = (
			);
			dependencies = (
				310B83461D8E7B0100A0F408 /* PBXTargetDependency */,
			);
			name = ZhiMaBaoBaoUITests;
			productName = ZhiMaBaoBaoUITests;
			productReference = 310B83441D8E7B0100A0F408 /* ZhiMaBaoBaoUITests.xctest */;
			productType = "com.apple.product-type.bundle.ui-testing";
		};
/* End PBXNativeTarget section */

/* Begin PBXProject section */
		310B83181D8E7B0100A0F408 /* Project object */ = {
			isa = PBXProject;
			attributes = {
				LastUpgradeCheck = 0730;
				ORGANIZATIONNAME = liugang;
				TargetAttributes = {
					310B831F1D8E7B0100A0F408 = {
						CreatedOnToolsVersion = 7.3.1;
					};
					310B83381D8E7B0100A0F408 = {
						CreatedOnToolsVersion = 7.3.1;
						TestTargetID = 310B831F1D8E7B0100A0F408;
					};
					310B83431D8E7B0100A0F408 = {
						CreatedOnToolsVersion = 7.3.1;
						TestTargetID = 310B831F1D8E7B0100A0F408;
					};
				};
			};
			buildConfigurationList = 310B831B1D8E7B0100A0F408 /* Build configuration list for PBXProject "ZhiMaBaoBao" */;
			compatibilityVersion = "Xcode 3.2";
			developmentRegion = English;
			hasScannedForEncodings = 0;
			knownRegions = (
				en,
				Base,
			);
			mainGroup = 310B83171D8E7B0100A0F408;
			productRefGroup = 310B83211D8E7B0100A0F408 /* Products */;
			projectDirPath = "";
			projectRoot = "";
			targets = (
				310B831F1D8E7B0100A0F408 /* ZhiMaBaoBao */,
				310B83381D8E7B0100A0F408 /* ZhiMaBaoBaoTests */,
				310B83431D8E7B0100A0F408 /* ZhiMaBaoBaoUITests */,
			);
		};
/* End PBXProject section */

/* Begin PBXResourcesBuildPhase section */
		310B831E1D8E7B0100A0F408 /* Resources */ = {
			isa = PBXResourcesBuildPhase;
			buildActionMask = 2147483647;
			files = (
				310B83331D8E7B0100A0F408 /* LaunchScreen.storyboard in Resources */,
				310B83301D8E7B0100A0F408 /* Assets.xcassets in Resources */,
				310B832E1D8E7B0100A0F408 /* Main.storyboard in Resources */,
			);
			runOnlyForDeploymentPostprocessing = 0;
		};
		310B83371D8E7B0100A0F408 /* Resources */ = {
			isa = PBXResourcesBuildPhase;
			buildActionMask = 2147483647;
			files = (
			);
			runOnlyForDeploymentPostprocessing = 0;
		};
		310B83421D8E7B0100A0F408 /* Resources */ = {
			isa = PBXResourcesBuildPhase;
			buildActionMask = 2147483647;
			files = (
			);
			runOnlyForDeploymentPostprocessing = 0;
		};
/* End PBXResourcesBuildPhase section */

/* Begin PBXShellScriptBuildPhase section */
		2FD64768EED24AB33E9584D6 /* [CP] Check Pods Manifest.lock */ = {
			isa = PBXShellScriptBuildPhase;
			buildActionMask = 2147483647;
			files = (
			);
			inputPaths = (
			);
			name = "[CP] Check Pods Manifest.lock";
			outputPaths = (
			);
			runOnlyForDeploymentPostprocessing = 0;
			shellPath = /bin/sh;
			shellScript = "diff \"${PODS_ROOT}/../Podfile.lock\" \"${PODS_ROOT}/Manifest.lock\" > /dev/null\nif [[ $? != 0 ]] ; then\n    cat << EOM\nerror: The sandbox is not in sync with the Podfile.lock. Run 'pod install' or update your CocoaPods installation.\nEOM\n    exit 1\nfi\n";
			showEnvVarsInLog = 0;
		};
		819B31C6B685388A18C609E2 /* [CP] Embed Pods Frameworks */ = {
			isa = PBXShellScriptBuildPhase;
			buildActionMask = 2147483647;
			files = (
			);
			inputPaths = (
			);
			name = "[CP] Embed Pods Frameworks";
			outputPaths = (
			);
			runOnlyForDeploymentPostprocessing = 0;
			shellPath = /bin/sh;
			shellScript = "\"${SRCROOT}/Pods/Target Support Files/Pods-ZhiMaBaoBao/Pods-ZhiMaBaoBao-frameworks.sh\"\n";
			showEnvVarsInLog = 0;
		};
		ABD69C88508640957C42CB4F /* [CP] Copy Pods Resources */ = {
			isa = PBXShellScriptBuildPhase;
			buildActionMask = 2147483647;
			files = (
			);
			inputPaths = (
			);
			name = "[CP] Copy Pods Resources";
			outputPaths = (
			);
			runOnlyForDeploymentPostprocessing = 0;
			shellPath = /bin/sh;
			shellScript = "\"${SRCROOT}/Pods/Target Support Files/Pods-ZhiMaBaoBao/Pods-ZhiMaBaoBao-resources.sh\"\n";
			showEnvVarsInLog = 0;
		};
/* End PBXShellScriptBuildPhase section */

/* Begin PBXSourcesBuildPhase section */
		310B831C1D8E7B0100A0F408 /* Sources */ = {
			isa = PBXSourcesBuildPhase;
			buildActionMask = 2147483647;
			files = (
				31B7C71E1D8E96A100F1883A /* CallViewController.m in Sources */,
				31B7C7201D8E96A100F1883A /* TimeLineController.m in Sources */,
				31B7C6FE1D8E91F000F1883A /* MainViewController.m in Sources */,
				310B83281D8E7B0100A0F408 /* AppDelegate.m in Sources */,
				31B7C71D1D8E96A100F1883A /* PersonalCenterController.m in Sources */,
				31B7C7211D8E96A100F1883A /* FriendsController.m in Sources */,
				31B7C71F1D8E96A100F1883A /* ConversationController.m in Sources */,
				310B83251D8E7B0100A0F408 /* main.m in Sources */,
			);
			runOnlyForDeploymentPostprocessing = 0;
		};
		310B83351D8E7B0100A0F408 /* Sources */ = {
			isa = PBXSourcesBuildPhase;
			buildActionMask = 2147483647;
			files = (
				310B833E1D8E7B0100A0F408 /* ZhiMaBaoBaoTests.m in Sources */,
			);
			runOnlyForDeploymentPostprocessing = 0;
		};
		310B83401D8E7B0100A0F408 /* Sources */ = {
			isa = PBXSourcesBuildPhase;
			buildActionMask = 2147483647;
			files = (
				310B83491D8E7B0100A0F408 /* ZhiMaBaoBaoUITests.m in Sources */,
			);
			runOnlyForDeploymentPostprocessing = 0;
		};
/* End PBXSourcesBuildPhase section */

/* Begin PBXTargetDependency section */
		310B833B1D8E7B0100A0F408 /* PBXTargetDependency */ = {
			isa = PBXTargetDependency;
			target = 310B831F1D8E7B0100A0F408 /* ZhiMaBaoBao */;
			targetProxy = 310B833A1D8E7B0100A0F408 /* PBXContainerItemProxy */;
		};
		310B83461D8E7B0100A0F408 /* PBXTargetDependency */ = {
			isa = PBXTargetDependency;
			target = 310B831F1D8E7B0100A0F408 /* ZhiMaBaoBao */;
			targetProxy = 310B83451D8E7B0100A0F408 /* PBXContainerItemProxy */;
		};
/* End PBXTargetDependency section */

/* Begin PBXVariantGroup section */
		310B832C1D8E7B0100A0F408 /* Main.storyboard */ = {
			isa = PBXVariantGroup;
			children = (
				310B832D1D8E7B0100A0F408 /* Base */,
			);
			name = Main.storyboard;
			sourceTree = "<group>";
		};
		310B83311D8E7B0100A0F408 /* LaunchScreen.storyboard */ = {
			isa = PBXVariantGroup;
			children = (
				310B83321D8E7B0100A0F408 /* Base */,
			);
			name = LaunchScreen.storyboard;
			sourceTree = "<group>";
		};
/* End PBXVariantGroup section */

/* Begin XCBuildConfiguration section */
		310B834B1D8E7B0100A0F408 /* Debug */ = {
			isa = XCBuildConfiguration;
			buildSettings = {
				ALWAYS_SEARCH_USER_PATHS = NO;
				CLANG_ANALYZER_NONNULL = YES;
				CLANG_CXX_LANGUAGE_STANDARD = "gnu++0x";
				CLANG_CXX_LIBRARY = "libc++";
				CLANG_ENABLE_MODULES = YES;
				CLANG_ENABLE_OBJC_ARC = YES;
				CLANG_WARN_BOOL_CONVERSION = YES;
				CLANG_WARN_CONSTANT_CONVERSION = YES;
				CLANG_WARN_DIRECT_OBJC_ISA_USAGE = YES_ERROR;
				CLANG_WARN_EMPTY_BODY = YES;
				CLANG_WARN_ENUM_CONVERSION = YES;
				CLANG_WARN_INT_CONVERSION = YES;
				CLANG_WARN_OBJC_ROOT_CLASS = YES_ERROR;
				CLANG_WARN_UNREACHABLE_CODE = YES;
				CLANG_WARN__DUPLICATE_METHOD_MATCH = YES;
				"CODE_SIGN_IDENTITY[sdk=iphoneos*]" = "iPhone Developer";
				COPY_PHASE_STRIP = NO;
				DEBUG_INFORMATION_FORMAT = dwarf;
				ENABLE_STRICT_OBJC_MSGSEND = YES;
				ENABLE_TESTABILITY = YES;
				GCC_C_LANGUAGE_STANDARD = gnu99;
				GCC_DYNAMIC_NO_PIC = NO;
				GCC_NO_COMMON_BLOCKS = YES;
				GCC_OPTIMIZATION_LEVEL = 0;
				GCC_PREPROCESSOR_DEFINITIONS = (
					"DEBUG=1",
					"$(inherited)",
				);
				GCC_WARN_64_TO_32_BIT_CONVERSION = YES;
				GCC_WARN_ABOUT_RETURN_TYPE = YES_ERROR;
				GCC_WARN_UNDECLARED_SELECTOR = YES;
				GCC_WARN_UNINITIALIZED_AUTOS = YES_AGGRESSIVE;
				GCC_WARN_UNUSED_FUNCTION = YES;
				GCC_WARN_UNUSED_VARIABLE = YES;
				IPHONEOS_DEPLOYMENT_TARGET = 9.3;
				MTL_ENABLE_DEBUG_INFO = YES;
				ONLY_ACTIVE_ARCH = YES;
				SDKROOT = iphoneos;
				TARGETED_DEVICE_FAMILY = "1,2";
			};
			name = Debug;
		};
		310B834C1D8E7B0100A0F408 /* Release */ = {
			isa = XCBuildConfiguration;
			buildSettings = {
				ALWAYS_SEARCH_USER_PATHS = NO;
				CLANG_ANALYZER_NONNULL = YES;
				CLANG_CXX_LANGUAGE_STANDARD = "gnu++0x";
				CLANG_CXX_LIBRARY = "libc++";
				CLANG_ENABLE_MODULES = YES;
				CLANG_ENABLE_OBJC_ARC = YES;
				CLANG_WARN_BOOL_CONVERSION = YES;
				CLANG_WARN_CONSTANT_CONVERSION = YES;
				CLANG_WARN_DIRECT_OBJC_ISA_USAGE = YES_ERROR;
				CLANG_WARN_EMPTY_BODY = YES;
				CLANG_WARN_ENUM_CONVERSION = YES;
				CLANG_WARN_INT_CONVERSION = YES;
				CLANG_WARN_OBJC_ROOT_CLASS = YES_ERROR;
				CLANG_WARN_UNREACHABLE_CODE = YES;
				CLANG_WARN__DUPLICATE_METHOD_MATCH = YES;
				"CODE_SIGN_IDENTITY[sdk=iphoneos*]" = "iPhone Developer";
				COPY_PHASE_STRIP = NO;
				DEBUG_INFORMATION_FORMAT = "dwarf-with-dsym";
				ENABLE_NS_ASSERTIONS = NO;
				ENABLE_STRICT_OBJC_MSGSEND = YES;
				GCC_C_LANGUAGE_STANDARD = gnu99;
				GCC_NO_COMMON_BLOCKS = YES;
				GCC_WARN_64_TO_32_BIT_CONVERSION = YES;
				GCC_WARN_ABOUT_RETURN_TYPE = YES_ERROR;
				GCC_WARN_UNDECLARED_SELECTOR = YES;
				GCC_WARN_UNINITIALIZED_AUTOS = YES_AGGRESSIVE;
				GCC_WARN_UNUSED_FUNCTION = YES;
				GCC_WARN_UNUSED_VARIABLE = YES;
				IPHONEOS_DEPLOYMENT_TARGET = 9.3;
				MTL_ENABLE_DEBUG_INFO = NO;
				SDKROOT = iphoneos;
				TARGETED_DEVICE_FAMILY = "1,2";
				VALIDATE_PRODUCT = YES;
			};
			name = Release;
		};
		310B834E1D8E7B0100A0F408 /* Debug */ = {
			isa = XCBuildConfiguration;
			baseConfigurationReference = ED5B4B06468C0E404D88A32A /* Pods-ZhiMaBaoBao.debug.xcconfig */;
			buildSettings = {
				ASSETCATALOG_COMPILER_APPICON_NAME = AppIcon;
				INFOPLIST_FILE = ZhiMaBaoBao/Info.plist;
				IPHONEOS_DEPLOYMENT_TARGET = 8.0;
				LD_RUNPATH_SEARCH_PATHS = "$(inherited) @executable_path/Frameworks";
				PRODUCT_BUNDLE_IDENTIFIER = com.yihezai.ZhiMaBaoBao;
				PRODUCT_NAME = "$(TARGET_NAME)";
				USER_HEADER_SEARCH_PATHS = "${SRCROOT}/**";
			};
			name = Debug;
		};
		310B834F1D8E7B0100A0F408 /* Release */ = {
			isa = XCBuildConfiguration;
			baseConfigurationReference = F6223DBCE43169F5A4CF9B6D /* Pods-ZhiMaBaoBao.release.xcconfig */;
			buildSettings = {
				ASSETCATALOG_COMPILER_APPICON_NAME = AppIcon;
				INFOPLIST_FILE = ZhiMaBaoBao/Info.plist;
				IPHONEOS_DEPLOYMENT_TARGET = 8.0;
				LD_RUNPATH_SEARCH_PATHS = "$(inherited) @executable_path/Frameworks";
				PRODUCT_BUNDLE_IDENTIFIER = com.yihezai.ZhiMaBaoBao;
				PRODUCT_NAME = "$(TARGET_NAME)";
				USER_HEADER_SEARCH_PATHS = "${SRCROOT}/**";
			};
			name = Release;
		};
		310B83511D8E7B0100A0F408 /* Debug */ = {
			isa = XCBuildConfiguration;
			buildSettings = {
				BUNDLE_LOADER = "$(TEST_HOST)";
				INFOPLIST_FILE = ZhiMaBaoBaoTests/Info.plist;
				LD_RUNPATH_SEARCH_PATHS = "$(inherited) @executable_path/Frameworks @loader_path/Frameworks";
				PRODUCT_BUNDLE_IDENTIFIER = com.yihezai.ZhiMaBaoBaoTests;
				PRODUCT_NAME = "$(TARGET_NAME)";
				TEST_HOST = "$(BUILT_PRODUCTS_DIR)/ZhiMaBaoBao.app/ZhiMaBaoBao";
			};
			name = Debug;
		};
		310B83521D8E7B0100A0F408 /* Release */ = {
			isa = XCBuildConfiguration;
			buildSettings = {
				BUNDLE_LOADER = "$(TEST_HOST)";
				INFOPLIST_FILE = ZhiMaBaoBaoTests/Info.plist;
				LD_RUNPATH_SEARCH_PATHS = "$(inherited) @executable_path/Frameworks @loader_path/Frameworks";
				PRODUCT_BUNDLE_IDENTIFIER = com.yihezai.ZhiMaBaoBaoTests;
				PRODUCT_NAME = "$(TARGET_NAME)";
				TEST_HOST = "$(BUILT_PRODUCTS_DIR)/ZhiMaBaoBao.app/ZhiMaBaoBao";
			};
			name = Release;
		};
		310B83541D8E7B0100A0F408 /* Debug */ = {
			isa = XCBuildConfiguration;
			buildSettings = {
				INFOPLIST_FILE = ZhiMaBaoBaoUITests/Info.plist;
				LD_RUNPATH_SEARCH_PATHS = "$(inherited) @executable_path/Frameworks @loader_path/Frameworks";
				PRODUCT_BUNDLE_IDENTIFIER = com.yihezai.ZhiMaBaoBaoUITests;
				PRODUCT_NAME = "$(TARGET_NAME)";
				TEST_TARGET_NAME = ZhiMaBaoBao;
			};
			name = Debug;
		};
		310B83551D8E7B0100A0F408 /* Release */ = {
			isa = XCBuildConfiguration;
			buildSettings = {
				INFOPLIST_FILE = ZhiMaBaoBaoUITests/Info.plist;
				LD_RUNPATH_SEARCH_PATHS = "$(inherited) @executable_path/Frameworks @loader_path/Frameworks";
				PRODUCT_BUNDLE_IDENTIFIER = com.yihezai.ZhiMaBaoBaoUITests;
				PRODUCT_NAME = "$(TARGET_NAME)";
				TEST_TARGET_NAME = ZhiMaBaoBao;
			};
			name = Release;
		};
/* End XCBuildConfiguration section */

/* Begin XCConfigurationList section */
		310B831B1D8E7B0100A0F408 /* Build configuration list for PBXProject "ZhiMaBaoBao" */ = {
			isa = XCConfigurationList;
			buildConfigurations = (
				310B834B1D8E7B0100A0F408 /* Debug */,
				310B834C1D8E7B0100A0F408 /* Release */,
			);
			defaultConfigurationIsVisible = 0;
			defaultConfigurationName = Release;
		};
		310B834D1D8E7B0100A0F408 /* Build configuration list for PBXNativeTarget "ZhiMaBaoBao" */ = {
			isa = XCConfigurationList;
			buildConfigurations = (
				310B834E1D8E7B0100A0F408 /* Debug */,
				310B834F1D8E7B0100A0F408 /* Release */,
			);
			defaultConfigurationIsVisible = 0;
			defaultConfigurationName = Release;
		};
		310B83501D8E7B0100A0F408 /* Build configuration list for PBXNativeTarget "ZhiMaBaoBaoTests" */ = {
			isa = XCConfigurationList;
			buildConfigurations = (
				310B83511D8E7B0100A0F408 /* Debug */,
				310B83521D8E7B0100A0F408 /* Release */,
			);
			defaultConfigurationIsVisible = 0;
			defaultConfigurationName = Release;
		};
		310B83531D8E7B0100A0F408 /* Build configuration list for PBXNativeTarget "ZhiMaBaoBaoUITests" */ = {
			isa = XCConfigurationList;
			buildConfigurations = (
				310B83541D8E7B0100A0F408 /* Debug */,
				310B83551D8E7B0100A0F408 /* Release */,
			);
			defaultConfigurationIsVisible = 0;
			defaultConfigurationName = Release;
		};
/* End XCConfigurationList section */
	};
	rootObject = 310B83181D8E7B0100A0F408 /* Project object */;
}
